{
  "name": "jiudao-client-test",
  "version": "1.0.0",
  "lockfileVersion": 2,
  "requires": true,
  "packages": {
    "": {
      "version": "1.0.0",
      "license": "ISC",
      "dependencies": {
        "js-base64": "^3.6.1",
        "lin-ui": "^0.9.4"
      }
    },
    "node_modules/js-base64": {
      "version": "3.6.1",
      "resolved": "https://registry.nlark.com/js-base64/download/js-base64-3.6.1.tgz",
      "integrity": "sha1-VVquOYt0aUtAN68filpiCdFw774="
    },
    "node_modules/lin-ui": {
      "version": "0.9.4",
      "resolved": "https://registry.npm.taobao.org/lin-ui/download/lin-ui-0.9.4.tgz",
      "integrity": "sha1-PzSWGAmqF11Jwy5CRPt9saRkGcw="
    }
  },
  "dependencies": {
    "js-base64": {
      "version": "3.6.1",
      "resolved": "https://registry.nlark.com/js-base64/download/js-base64-3.6.1.tgz",
      "integrity": "sha1-VVquOYt0aUtAN68filpiCdFw774="
    },
    "lin-ui": {
      "version": "0.9.4",
      "resolved": "https://registry.npm.taobao.org/lin-ui/download/lin-ui-0.9.4.tgz",
      "integrity": "sha1-PzSWGAmqF11Jwy5CRPt9saRkGcw="
    }
  }
}
